
Microsoft Visual Studio Solution File, Format Version 12.00
# Visual Studio Version 16
VisualStudioVersion = 16.0.33214.272
MinimumVisualStudioVersion = 10.0.40219.1
Project("{FAE04EC0-301F-11D3-BF4B-00C04F79EFBC}") = "CapstoneGroupProject", "CapstoneGroupProject.csproj", "{1A02C2FF-41BB-480A-90FC-14D2669EA124}"
EndProject
Global
	GlobalSection(SolutionConfigurationPlatforms) = preSolution
		Debug|Any CPU = Debug|Any CPU
		Release|Any CPU = Release|Any CPU
	EndGlobalSection
	GlobalSection(ProjectConfigurationPlatforms) = postSolution
		{1A02C2FF-41BB-480A-90FC-14D2669EA124}.Debug|Any CPU.ActiveCfg = Debug|Any CPU
		{1A02C2FF-41BB-480A-90FC-14D2669EA124}.Debug|Any CPU.Build.0 = Debug|Any CPU
		{1A02C2FF-41BB-480A-90FC-14D2669EA124}.Release|Any CPU.ActiveCfg = Release|Any CPU
		{1A02C2FF-41BB-480A-90FC-14D2669EA124}.Release|Any CPU.Build.0 = Release|Any CPU
	EndGlobalSection
	GlobalSection(SolutionProperties) = preSolution
		HideSolutionNode = FALSE
	EndGlobalSection
	GlobalSection(ExtensibilityGlobals) = postSolution
		SolutionGuid = {F7C6FE88-D644-4A2D-84F8-1ABD68192FFB}
	EndGlobalSection
EndGlobal
